
Microsoft Visual Studio Solution File, Format Version 12.00
# Visual Studio 15
VisualStudioVersion = 15.0.28307.1927
MinimumVisualStudioVersion = 10.0.40219.1
Project("{FAE04EC0-301F-11D3-BF4B-00C04F79EFBC}") = "ThreadTest1", "ThreadTest1.csproj", "{9C83482D-8E7D-4BBB-BB57-0905CC087BFF}"
EndProject
Global
	GlobalSection(SolutionConfigurationPlatforms) = preSolution
		Debug|Any CPU = Debug|Any CPU
		Release|Any CPU = Release|Any CPU
	EndGlobalSection
	GlobalSection(ProjectConfigurationPlatforms) = postSolution
		{9C83482D-8E7D-4BBB-BB57-0905CC087BFF}.Debug|Any CPU.ActiveCfg = Debug|Any CPU
		{9C83482D-8E7D-4BBB-BB57-0905CC087BFF}.Debug|Any CPU.Build.0 = Debug|Any CPU
		{9C83482D-8E7D-4BBB-BB57-0905CC087BFF}.Release|Any CPU.ActiveCfg = Release|Any CPU
		{9C83482D-8E7D-4BBB-BB57-0905CC087BFF}.Release|Any CPU.Build.0 = Release|Any CPU
	EndGlobalSection
	GlobalSection(SolutionProperties) = preSolution
		HideSolutionNode = FALSE
	EndGlobalSection
	GlobalSection(ExtensibilityGlobals) = postSolution
		SolutionGuid = {A0E6C494-CC31-4DBC-A395-995048173E23}
	EndGlobalSection
EndGlobal
