
Microsoft Visual Studio Solution File, Format Version 12.00
# Visual Studio 15
VisualStudioVersion = 15.0.28307.1622
MinimumVisualStudioVersion = 10.0.40219.1
Project("{8BC9CEB8-8B4A-11D0-8D11-00A0C91BC942}") = "GUITCPServer", "GUITCPServer.vcxproj", "{3F8D79BB-405B-4415-9731-79EBD2C09A83}"
EndProject
Global
	GlobalSection(SolutionConfigurationPlatforms) = preSolution
		Debug|x64 = Debug|x64
		Debug|x86 = Debug|x86
		Release|x64 = Release|x64
		Release|x86 = Release|x86
	EndGlobalSection
	GlobalSection(ProjectConfigurationPlatforms) = postSolution
		{3F8D79BB-405B-4415-9731-79EBD2C09A83}.Debug|x64.ActiveCfg = Debug|x64
		{3F8D79BB-405B-4415-9731-79EBD2C09A83}.Debug|x64.Build.0 = Debug|x64
		{3F8D79BB-405B-4415-9731-79EBD2C09A83}.Debug|x86.ActiveCfg = Debug|Win32
		{3F8D79BB-405B-4415-9731-79EBD2C09A83}.Debug|x86.Build.0 = Debug|Win32
		{3F8D79BB-405B-4415-9731-79EBD2C09A83}.Release|x64.ActiveCfg = Release|x64
		{3F8D79BB-405B-4415-9731-79EBD2C09A83}.Release|x64.Build.0 = Release|x64
		{3F8D79BB-405B-4415-9731-79EBD2C09A83}.Release|x86.ActiveCfg = Release|Win32
		{3F8D79BB-405B-4415-9731-79EBD2C09A83}.Release|x86.Build.0 = Release|Win32
	EndGlobalSection
	GlobalSection(SolutionProperties) = preSolution
		HideSolutionNode = FALSE
	EndGlobalSection
	GlobalSection(ExtensibilityGlobals) = postSolution
		SolutionGuid = {9151840A-6F0A-49B8-9791-757E7C4D0199}
	EndGlobalSection
EndGlobal
