
Microsoft Visual Studio Solution File, Format Version 12.00
# Visual Studio 15
VisualStudioVersion = 15.0.28307.1622
MinimumVisualStudioVersion = 10.0.40219.1
Project("{8BC9CEB8-8B4A-11D0-8D11-00A0C91BC942}") = "BroadcastSender", "BroadcastSender.vcxproj", "{A5E73E02-C807-4C72-AA71-4F00204835BD}"
EndProject
Global
	GlobalSection(SolutionConfigurationPlatforms) = preSolution
		Debug|x64 = Debug|x64
		Debug|x86 = Debug|x86
		Release|x64 = Release|x64
		Release|x86 = Release|x86
	EndGlobalSection
	GlobalSection(ProjectConfigurationPlatforms) = postSolution
		{A5E73E02-C807-4C72-AA71-4F00204835BD}.Debug|x64.ActiveCfg = Debug|x64
		{A5E73E02-C807-4C72-AA71-4F00204835BD}.Debug|x64.Build.0 = Debug|x64
		{A5E73E02-C807-4C72-AA71-4F00204835BD}.Debug|x86.ActiveCfg = Debug|Win32
		{A5E73E02-C807-4C72-AA71-4F00204835BD}.Debug|x86.Build.0 = Debug|Win32
		{A5E73E02-C807-4C72-AA71-4F00204835BD}.Release|x64.ActiveCfg = Release|x64
		{A5E73E02-C807-4C72-AA71-4F00204835BD}.Release|x64.Build.0 = Release|x64
		{A5E73E02-C807-4C72-AA71-4F00204835BD}.Release|x86.ActiveCfg = Release|Win32
		{A5E73E02-C807-4C72-AA71-4F00204835BD}.Release|x86.Build.0 = Release|Win32
	EndGlobalSection
	GlobalSection(SolutionProperties) = preSolution
		HideSolutionNode = FALSE
	EndGlobalSection
	GlobalSection(ExtensibilityGlobals) = postSolution
		SolutionGuid = {F179BB46-5689-42B4-8C2C-98D6B8F34E74}
	EndGlobalSection
EndGlobal
