
Microsoft Visual Studio Solution File, Format Version 12.00
# Visual Studio 15
VisualStudioVersion = 15.0.28307.1778
MinimumVisualStudioVersion = 10.0.40219.1
Project("{FAE04EC0-301F-11D3-BF4B-00C04F79EFBC}") = "ByteOrder", "ByteOrder.csproj", "{B8610691-DE06-491F-9893-C62402996A9C}"
EndProject
Global
	GlobalSection(SolutionConfigurationPlatforms) = preSolution
		Debug|Any CPU = Debug|Any CPU
		Release|Any CPU = Release|Any CPU
	EndGlobalSection
	GlobalSection(ProjectConfigurationPlatforms) = postSolution
		{B8610691-DE06-491F-9893-C62402996A9C}.Debug|Any CPU.ActiveCfg = Debug|Any CPU
		{B8610691-DE06-491F-9893-C62402996A9C}.Debug|Any CPU.Build.0 = Debug|Any CPU
		{B8610691-DE06-491F-9893-C62402996A9C}.Release|Any CPU.ActiveCfg = Release|Any CPU
		{B8610691-DE06-491F-9893-C62402996A9C}.Release|Any CPU.Build.0 = Release|Any CPU
	EndGlobalSection
	GlobalSection(SolutionProperties) = preSolution
		HideSolutionNode = FALSE
	EndGlobalSection
	GlobalSection(ExtensibilityGlobals) = postSolution
		SolutionGuid = {34BCD17F-73F6-4EE2-8CE6-5E4CFEE47142}
	EndGlobalSection
EndGlobal
