
Microsoft Visual Studio Solution File, Format Version 12.00
# Visual Studio 15
VisualStudioVersion = 15.0.28307.1927
MinimumVisualStudioVersion = 10.0.40219.1
Project("{FAE04EC0-301F-11D3-BF4B-00C04F79EFBC}") = "MulticastReceiver6", "MulticastReceiver6.csproj", "{F1809940-64F2-48A9-9CEE-7CD48DAC2087}"
EndProject
Global
	GlobalSection(SolutionConfigurationPlatforms) = preSolution
		Debug|Any CPU = Debug|Any CPU
		Release|Any CPU = Release|Any CPU
	EndGlobalSection
	GlobalSection(ProjectConfigurationPlatforms) = postSolution
		{F1809940-64F2-48A9-9CEE-7CD48DAC2087}.Debug|Any CPU.ActiveCfg = Debug|Any CPU
		{F1809940-64F2-48A9-9CEE-7CD48DAC2087}.Debug|Any CPU.Build.0 = Debug|Any CPU
		{F1809940-64F2-48A9-9CEE-7CD48DAC2087}.Release|Any CPU.ActiveCfg = Release|Any CPU
		{F1809940-64F2-48A9-9CEE-7CD48DAC2087}.Release|Any CPU.Build.0 = Release|Any CPU
	EndGlobalSection
	GlobalSection(SolutionProperties) = preSolution
		HideSolutionNode = FALSE
	EndGlobalSection
	GlobalSection(ExtensibilityGlobals) = postSolution
		SolutionGuid = {3202DB9D-8152-42E1-9A01-2448397D4352}
	EndGlobalSection
EndGlobal
