
Microsoft Visual Studio Solution File, Format Version 12.00
# Visual Studio 15
VisualStudioVersion = 15.0.28307.1622
MinimumVisualStudioVersion = 10.0.40219.1
Project("{8BC9CEB8-8B4A-11D0-8D11-00A0C91BC942}") = "SelectTCPServer", "SelectTCPServer.vcxproj", "{E418D1FD-771E-429A-93E7-10D5244B8BB0}"
EndProject
Global
	GlobalSection(SolutionConfigurationPlatforms) = preSolution
		Debug|x64 = Debug|x64
		Debug|x86 = Debug|x86
		Release|x64 = Release|x64
		Release|x86 = Release|x86
	EndGlobalSection
	GlobalSection(ProjectConfigurationPlatforms) = postSolution
		{E418D1FD-771E-429A-93E7-10D5244B8BB0}.Debug|x64.ActiveCfg = Debug|x64
		{E418D1FD-771E-429A-93E7-10D5244B8BB0}.Debug|x64.Build.0 = Debug|x64
		{E418D1FD-771E-429A-93E7-10D5244B8BB0}.Debug|x86.ActiveCfg = Debug|Win32
		{E418D1FD-771E-429A-93E7-10D5244B8BB0}.Debug|x86.Build.0 = Debug|Win32
		{E418D1FD-771E-429A-93E7-10D5244B8BB0}.Release|x64.ActiveCfg = Release|x64
		{E418D1FD-771E-429A-93E7-10D5244B8BB0}.Release|x64.Build.0 = Release|x64
		{E418D1FD-771E-429A-93E7-10D5244B8BB0}.Release|x86.ActiveCfg = Release|Win32
		{E418D1FD-771E-429A-93E7-10D5244B8BB0}.Release|x86.Build.0 = Release|Win32
	EndGlobalSection
	GlobalSection(SolutionProperties) = preSolution
		HideSolutionNode = FALSE
	EndGlobalSection
	GlobalSection(ExtensibilityGlobals) = postSolution
		SolutionGuid = {F386B3FF-3FAD-42C8-B996-DA55E1FA8E1F}
	EndGlobalSection
EndGlobal
