
Microsoft Visual Studio Solution File, Format Version 12.00
# Visual Studio 15
VisualStudioVersion = 15.0.28307.1778
MinimumVisualStudioVersion = 10.0.40219.1
Project("{FAE04EC0-301F-11D3-BF4B-00C04F79EFBC}") = "IPAddr", "IPAddr.csproj", "{980C7B6B-EDEB-48C9-89CC-84D73B2B58EC}"
EndProject
Global
	GlobalSection(SolutionConfigurationPlatforms) = preSolution
		Debug|Any CPU = Debug|Any CPU
		Release|Any CPU = Release|Any CPU
	EndGlobalSection
	GlobalSection(ProjectConfigurationPlatforms) = postSolution
		{980C7B6B-EDEB-48C9-89CC-84D73B2B58EC}.Debug|Any CPU.ActiveCfg = Debug|Any CPU
		{980C7B6B-EDEB-48C9-89CC-84D73B2B58EC}.Debug|Any CPU.Build.0 = Debug|Any CPU
		{980C7B6B-EDEB-48C9-89CC-84D73B2B58EC}.Release|Any CPU.ActiveCfg = Release|Any CPU
		{980C7B6B-EDEB-48C9-89CC-84D73B2B58EC}.Release|Any CPU.Build.0 = Release|Any CPU
	EndGlobalSection
	GlobalSection(SolutionProperties) = preSolution
		HideSolutionNode = FALSE
	EndGlobalSection
	GlobalSection(ExtensibilityGlobals) = postSolution
		SolutionGuid = {A76FCC14-4FC3-4A72-AD68-0600E798D2F9}
	EndGlobalSection
EndGlobal
