
Microsoft Visual Studio Solution File, Format Version 12.00
# Visual Studio 15
VisualStudioVersion = 15.0.28307.1800
MinimumVisualStudioVersion = 10.0.40219.1
Project("{FAE04EC0-301F-11D3-BF4B-00C04F79EFBC}") = "TCPServer_Variable", "TCPServer_Variable.csproj", "{7AB267FE-B3B5-4DFA-9313-9CF19C644644}"
EndProject
Global
	GlobalSection(SolutionConfigurationPlatforms) = preSolution
		Debug|Any CPU = Debug|Any CPU
		Release|Any CPU = Release|Any CPU
	EndGlobalSection
	GlobalSection(ProjectConfigurationPlatforms) = postSolution
		{7AB267FE-B3B5-4DFA-9313-9CF19C644644}.Debug|Any CPU.ActiveCfg = Debug|Any CPU
		{7AB267FE-B3B5-4DFA-9313-9CF19C644644}.Debug|Any CPU.Build.0 = Debug|Any CPU
		{7AB267FE-B3B5-4DFA-9313-9CF19C644644}.Release|Any CPU.ActiveCfg = Release|Any CPU
		{7AB267FE-B3B5-4DFA-9313-9CF19C644644}.Release|Any CPU.Build.0 = Release|Any CPU
	EndGlobalSection
	GlobalSection(SolutionProperties) = preSolution
		HideSolutionNode = FALSE
	EndGlobalSection
	GlobalSection(ExtensibilityGlobals) = postSolution
		SolutionGuid = {00D74EF8-E746-429F-BB26-D979B31121C6}
	EndGlobalSection
EndGlobal
