
Microsoft Visual Studio Solution File, Format Version 12.00
# Visual Studio 15
VisualStudioVersion = 15.0.28307.1622
MinimumVisualStudioVersion = 10.0.40219.1
Project("{8BC9CEB8-8B4A-11D0-8D11-00A0C91BC942}") = "TCPServer", "TCPServer.vcxproj", "{83425CA9-620D-4117-97CD-097A76FFF48A}"
EndProject
Global
	GlobalSection(SolutionConfigurationPlatforms) = preSolution
		Debug|x64 = Debug|x64
		Debug|x86 = Debug|x86
		Release|x64 = Release|x64
		Release|x86 = Release|x86
	EndGlobalSection
	GlobalSection(ProjectConfigurationPlatforms) = postSolution
		{83425CA9-620D-4117-97CD-097A76FFF48A}.Debug|x64.ActiveCfg = Debug|x64
		{83425CA9-620D-4117-97CD-097A76FFF48A}.Debug|x64.Build.0 = Debug|x64
		{83425CA9-620D-4117-97CD-097A76FFF48A}.Debug|x86.ActiveCfg = Debug|Win32
		{83425CA9-620D-4117-97CD-097A76FFF48A}.Debug|x86.Build.0 = Debug|Win32
		{83425CA9-620D-4117-97CD-097A76FFF48A}.Release|x64.ActiveCfg = Release|x64
		{83425CA9-620D-4117-97CD-097A76FFF48A}.Release|x64.Build.0 = Release|x64
		{83425CA9-620D-4117-97CD-097A76FFF48A}.Release|x86.ActiveCfg = Release|Win32
		{83425CA9-620D-4117-97CD-097A76FFF48A}.Release|x86.Build.0 = Release|Win32
	EndGlobalSection
	GlobalSection(SolutionProperties) = preSolution
		HideSolutionNode = FALSE
	EndGlobalSection
	GlobalSection(ExtensibilityGlobals) = postSolution
		SolutionGuid = {655E6EBB-6267-4EF1-82E0-69C8FA758943}
	EndGlobalSection
EndGlobal
