
Microsoft Visual Studio Solution File, Format Version 12.00
# Visual Studio 15
VisualStudioVersion = 15.0.28307.1622
MinimumVisualStudioVersion = 10.0.40219.1
Project("{8BC9CEB8-8B4A-11D0-8D11-00A0C91BC942}") = "ThreadTest2", "ThreadTest2.vcxproj", "{B0BE7C09-AF05-405D-865D-0166DEA7C019}"
EndProject
Global
	GlobalSection(SolutionConfigurationPlatforms) = preSolution
		Debug|x64 = Debug|x64
		Debug|x86 = Debug|x86
		Release|x64 = Release|x64
		Release|x86 = Release|x86
	EndGlobalSection
	GlobalSection(ProjectConfigurationPlatforms) = postSolution
		{B0BE7C09-AF05-405D-865D-0166DEA7C019}.Debug|x64.ActiveCfg = Debug|x64
		{B0BE7C09-AF05-405D-865D-0166DEA7C019}.Debug|x64.Build.0 = Debug|x64
		{B0BE7C09-AF05-405D-865D-0166DEA7C019}.Debug|x86.ActiveCfg = Debug|Win32
		{B0BE7C09-AF05-405D-865D-0166DEA7C019}.Debug|x86.Build.0 = Debug|Win32
		{B0BE7C09-AF05-405D-865D-0166DEA7C019}.Release|x64.ActiveCfg = Release|x64
		{B0BE7C09-AF05-405D-865D-0166DEA7C019}.Release|x64.Build.0 = Release|x64
		{B0BE7C09-AF05-405D-865D-0166DEA7C019}.Release|x86.ActiveCfg = Release|Win32
		{B0BE7C09-AF05-405D-865D-0166DEA7C019}.Release|x86.Build.0 = Release|Win32
	EndGlobalSection
	GlobalSection(SolutionProperties) = preSolution
		HideSolutionNode = FALSE
	EndGlobalSection
	GlobalSection(ExtensibilityGlobals) = postSolution
		SolutionGuid = {A64DCFB0-6002-413A-931C-E58CC14E422C}
	EndGlobalSection
EndGlobal
