
Microsoft Visual Studio Solution File, Format Version 12.00
# Visual Studio 15
VisualStudioVersion = 15.0.28307.1927
MinimumVisualStudioVersion = 10.0.40219.1
Project("{FAE04EC0-301F-11D3-BF4B-00C04F79EFBC}") = "MulticastSender", "MulticastSender.csproj", "{920FEDD1-CD0D-49C8-9014-A8D9DA32D55D}"
EndProject
Global
	GlobalSection(SolutionConfigurationPlatforms) = preSolution
		Debug|Any CPU = Debug|Any CPU
		Release|Any CPU = Release|Any CPU
	EndGlobalSection
	GlobalSection(ProjectConfigurationPlatforms) = postSolution
		{920FEDD1-CD0D-49C8-9014-A8D9DA32D55D}.Debug|Any CPU.ActiveCfg = Debug|Any CPU
		{920FEDD1-CD0D-49C8-9014-A8D9DA32D55D}.Debug|Any CPU.Build.0 = Debug|Any CPU
		{920FEDD1-CD0D-49C8-9014-A8D9DA32D55D}.Release|Any CPU.ActiveCfg = Release|Any CPU
		{920FEDD1-CD0D-49C8-9014-A8D9DA32D55D}.Release|Any CPU.Build.0 = Release|Any CPU
	EndGlobalSection
	GlobalSection(SolutionProperties) = preSolution
		HideSolutionNode = FALSE
	EndGlobalSection
	GlobalSection(ExtensibilityGlobals) = postSolution
		SolutionGuid = {51EB4DE5-F1F0-4098-8317-CCDD53547A01}
	EndGlobalSection
EndGlobal
