
Microsoft Visual Studio Solution File, Format Version 12.00
# Visual Studio 15
VisualStudioVersion = 15.0.28307.1800
MinimumVisualStudioVersion = 10.0.40219.1
Project("{FAE04EC0-301F-11D3-BF4B-00C04F79EFBC}") = "TCPClient_Variable", "TCPClient_Variable.csproj", "{FE7EE567-69B1-4A63-93AB-B342193991A8}"
EndProject
Global
	GlobalSection(SolutionConfigurationPlatforms) = preSolution
		Debug|Any CPU = Debug|Any CPU
		Release|Any CPU = Release|Any CPU
	EndGlobalSection
	GlobalSection(ProjectConfigurationPlatforms) = postSolution
		{FE7EE567-69B1-4A63-93AB-B342193991A8}.Debug|Any CPU.ActiveCfg = Debug|Any CPU
		{FE7EE567-69B1-4A63-93AB-B342193991A8}.Debug|Any CPU.Build.0 = Debug|Any CPU
		{FE7EE567-69B1-4A63-93AB-B342193991A8}.Release|Any CPU.ActiveCfg = Release|Any CPU
		{FE7EE567-69B1-4A63-93AB-B342193991A8}.Release|Any CPU.Build.0 = Release|Any CPU
	EndGlobalSection
	GlobalSection(SolutionProperties) = preSolution
		HideSolutionNode = FALSE
	EndGlobalSection
	GlobalSection(ExtensibilityGlobals) = postSolution
		SolutionGuid = {A681F955-FCA7-4913-8A02-72F8536B9C61}
	EndGlobalSection
EndGlobal
