
Microsoft Visual Studio Solution File, Format Version 12.00
# Visual Studio 15
VisualStudioVersion = 15.0.28307.1622
MinimumVisualStudioVersion = 10.0.40219.1
Project("{8BC9CEB8-8B4A-11D0-8D11-00A0C91BC942}") = "TCPClient_Variable", "TCPClient_Variable.vcxproj", "{5917BD8A-8D19-48C9-99F5-791E7B6E1DC9}"
EndProject
Global
	GlobalSection(SolutionConfigurationPlatforms) = preSolution
		Debug|x64 = Debug|x64
		Debug|x86 = Debug|x86
		Release|x64 = Release|x64
		Release|x86 = Release|x86
	EndGlobalSection
	GlobalSection(ProjectConfigurationPlatforms) = postSolution
		{5917BD8A-8D19-48C9-99F5-791E7B6E1DC9}.Debug|x64.ActiveCfg = Debug|x64
		{5917BD8A-8D19-48C9-99F5-791E7B6E1DC9}.Debug|x64.Build.0 = Debug|x64
		{5917BD8A-8D19-48C9-99F5-791E7B6E1DC9}.Debug|x86.ActiveCfg = Debug|Win32
		{5917BD8A-8D19-48C9-99F5-791E7B6E1DC9}.Debug|x86.Build.0 = Debug|Win32
		{5917BD8A-8D19-48C9-99F5-791E7B6E1DC9}.Release|x64.ActiveCfg = Release|x64
		{5917BD8A-8D19-48C9-99F5-791E7B6E1DC9}.Release|x64.Build.0 = Release|x64
		{5917BD8A-8D19-48C9-99F5-791E7B6E1DC9}.Release|x86.ActiveCfg = Release|Win32
		{5917BD8A-8D19-48C9-99F5-791E7B6E1DC9}.Release|x86.Build.0 = Release|Win32
	EndGlobalSection
	GlobalSection(SolutionProperties) = preSolution
		HideSolutionNode = FALSE
	EndGlobalSection
	GlobalSection(ExtensibilityGlobals) = postSolution
		SolutionGuid = {8C6DC7A4-735B-4861-A428-C154741B7DFF}
	EndGlobalSection
EndGlobal
