
Microsoft Visual Studio Solution File, Format Version 12.00
# Visual Studio 15
VisualStudioVersion = 15.0.28307.1622
MinimumVisualStudioVersion = 10.0.40219.1
Project("{8BC9CEB8-8B4A-11D0-8D11-00A0C91BC942}") = "UDPServer", "UDPServer.vcxproj", "{65757967-21B9-4D4F-8404-28F0FAF4FBEF}"
EndProject
Global
	GlobalSection(SolutionConfigurationPlatforms) = preSolution
		Debug|x64 = Debug|x64
		Debug|x86 = Debug|x86
		Release|x64 = Release|x64
		Release|x86 = Release|x86
	EndGlobalSection
	GlobalSection(ProjectConfigurationPlatforms) = postSolution
		{65757967-21B9-4D4F-8404-28F0FAF4FBEF}.Debug|x64.ActiveCfg = Debug|x64
		{65757967-21B9-4D4F-8404-28F0FAF4FBEF}.Debug|x64.Build.0 = Debug|x64
		{65757967-21B9-4D4F-8404-28F0FAF4FBEF}.Debug|x86.ActiveCfg = Debug|Win32
		{65757967-21B9-4D4F-8404-28F0FAF4FBEF}.Debug|x86.Build.0 = Debug|Win32
		{65757967-21B9-4D4F-8404-28F0FAF4FBEF}.Release|x64.ActiveCfg = Release|x64
		{65757967-21B9-4D4F-8404-28F0FAF4FBEF}.Release|x64.Build.0 = Release|x64
		{65757967-21B9-4D4F-8404-28F0FAF4FBEF}.Release|x86.ActiveCfg = Release|Win32
		{65757967-21B9-4D4F-8404-28F0FAF4FBEF}.Release|x86.Build.0 = Release|Win32
	EndGlobalSection
	GlobalSection(SolutionProperties) = preSolution
		HideSolutionNode = FALSE
	EndGlobalSection
	GlobalSection(ExtensibilityGlobals) = postSolution
		SolutionGuid = {433D896E-8E08-464F-B542-981FA56C009A}
	EndGlobalSection
EndGlobal
