
Microsoft Visual Studio Solution File, Format Version 12.00
# Visual Studio 15
VisualStudioVersion = 15.0.28307.1800
MinimumVisualStudioVersion = 10.0.40219.1
Project("{FAE04EC0-301F-11D3-BF4B-00C04F79EFBC}") = "TCPClient_Fixed", "TCPClient_Fixed.csproj", "{B4216F27-C8B8-4782-BF3E-3048A969B754}"
EndProject
Global
	GlobalSection(SolutionConfigurationPlatforms) = preSolution
		Debug|Any CPU = Debug|Any CPU
		Release|Any CPU = Release|Any CPU
	EndGlobalSection
	GlobalSection(ProjectConfigurationPlatforms) = postSolution
		{B4216F27-C8B8-4782-BF3E-3048A969B754}.Debug|Any CPU.ActiveCfg = Debug|Any CPU
		{B4216F27-C8B8-4782-BF3E-3048A969B754}.Debug|Any CPU.Build.0 = Debug|Any CPU
		{B4216F27-C8B8-4782-BF3E-3048A969B754}.Release|Any CPU.ActiveCfg = Release|Any CPU
		{B4216F27-C8B8-4782-BF3E-3048A969B754}.Release|Any CPU.Build.0 = Release|Any CPU
	EndGlobalSection
	GlobalSection(SolutionProperties) = preSolution
		HideSolutionNode = FALSE
	EndGlobalSection
	GlobalSection(ExtensibilityGlobals) = postSolution
		SolutionGuid = {6FFE64B2-2E61-44B1-8326-B1D067CB53BB}
	EndGlobalSection
EndGlobal
