
Microsoft Visual Studio Solution File, Format Version 12.00
# Visual Studio 15
VisualStudioVersion = 15.0.28307.1622
MinimumVisualStudioVersion = 10.0.40219.1
Project("{8BC9CEB8-8B4A-11D0-8D11-00A0C91BC942}") = "AsyncSelectTCPServer", "AsyncSelectTCPServer.vcxproj", "{C08F20B7-C4F3-4430-B74C-C9860CCEEFB0}"
EndProject
Global
	GlobalSection(SolutionConfigurationPlatforms) = preSolution
		Debug|x64 = Debug|x64
		Debug|x86 = Debug|x86
		Release|x64 = Release|x64
		Release|x86 = Release|x86
	EndGlobalSection
	GlobalSection(ProjectConfigurationPlatforms) = postSolution
		{C08F20B7-C4F3-4430-B74C-C9860CCEEFB0}.Debug|x64.ActiveCfg = Debug|x64
		{C08F20B7-C4F3-4430-B74C-C9860CCEEFB0}.Debug|x64.Build.0 = Debug|x64
		{C08F20B7-C4F3-4430-B74C-C9860CCEEFB0}.Debug|x86.ActiveCfg = Debug|Win32
		{C08F20B7-C4F3-4430-B74C-C9860CCEEFB0}.Debug|x86.Build.0 = Debug|Win32
		{C08F20B7-C4F3-4430-B74C-C9860CCEEFB0}.Release|x64.ActiveCfg = Release|x64
		{C08F20B7-C4F3-4430-B74C-C9860CCEEFB0}.Release|x64.Build.0 = Release|x64
		{C08F20B7-C4F3-4430-B74C-C9860CCEEFB0}.Release|x86.ActiveCfg = Release|Win32
		{C08F20B7-C4F3-4430-B74C-C9860CCEEFB0}.Release|x86.Build.0 = Release|Win32
	EndGlobalSection
	GlobalSection(SolutionProperties) = preSolution
		HideSolutionNode = FALSE
	EndGlobalSection
	GlobalSection(ExtensibilityGlobals) = postSolution
		SolutionGuid = {941CDED5-0BC0-4929-A7CF-3085FABEE0A5}
	EndGlobalSection
EndGlobal
