
Microsoft Visual Studio Solution File, Format Version 12.00
# Visual Studio 15
VisualStudioVersion = 15.0.28307.1622
MinimumVisualStudioVersion = 10.0.40219.1
Project("{8BC9CEB8-8B4A-11D0-8D11-00A0C91BC942}") = "MulticastSender6", "MulticastSender6.vcxproj", "{72CB3BDE-F900-4875-A5CE-071A582DE646}"
EndProject
Global
	GlobalSection(SolutionConfigurationPlatforms) = preSolution
		Debug|x64 = Debug|x64
		Debug|x86 = Debug|x86
		Release|x64 = Release|x64
		Release|x86 = Release|x86
	EndGlobalSection
	GlobalSection(ProjectConfigurationPlatforms) = postSolution
		{72CB3BDE-F900-4875-A5CE-071A582DE646}.Debug|x64.ActiveCfg = Debug|x64
		{72CB3BDE-F900-4875-A5CE-071A582DE646}.Debug|x64.Build.0 = Debug|x64
		{72CB3BDE-F900-4875-A5CE-071A582DE646}.Debug|x86.ActiveCfg = Debug|Win32
		{72CB3BDE-F900-4875-A5CE-071A582DE646}.Debug|x86.Build.0 = Debug|Win32
		{72CB3BDE-F900-4875-A5CE-071A582DE646}.Release|x64.ActiveCfg = Release|x64
		{72CB3BDE-F900-4875-A5CE-071A582DE646}.Release|x64.Build.0 = Release|x64
		{72CB3BDE-F900-4875-A5CE-071A582DE646}.Release|x86.ActiveCfg = Release|Win32
		{72CB3BDE-F900-4875-A5CE-071A582DE646}.Release|x86.Build.0 = Release|Win32
	EndGlobalSection
	GlobalSection(SolutionProperties) = preSolution
		HideSolutionNode = FALSE
	EndGlobalSection
	GlobalSection(ExtensibilityGlobals) = postSolution
		SolutionGuid = {D7F5230C-94F9-4ECF-9401-C990079BECE0}
	EndGlobalSection
EndGlobal
