
Microsoft Visual Studio Solution File, Format Version 12.00
# Visual Studio 15
VisualStudioVersion = 15.0.28307.1927
MinimumVisualStudioVersion = 10.0.40219.1
Project("{FAE04EC0-301F-11D3-BF4B-00C04F79EFBC}") = "ThreadTest2", "ThreadTest2.csproj", "{1368FB98-53E1-4D97-AC7B-BC5F338226BF}"
EndProject
Global
	GlobalSection(SolutionConfigurationPlatforms) = preSolution
		Debug|Any CPU = Debug|Any CPU
		Release|Any CPU = Release|Any CPU
	EndGlobalSection
	GlobalSection(ProjectConfigurationPlatforms) = postSolution
		{1368FB98-53E1-4D97-AC7B-BC5F338226BF}.Debug|Any CPU.ActiveCfg = Debug|Any CPU
		{1368FB98-53E1-4D97-AC7B-BC5F338226BF}.Debug|Any CPU.Build.0 = Debug|Any CPU
		{1368FB98-53E1-4D97-AC7B-BC5F338226BF}.Release|Any CPU.ActiveCfg = Release|Any CPU
		{1368FB98-53E1-4D97-AC7B-BC5F338226BF}.Release|Any CPU.Build.0 = Release|Any CPU
	EndGlobalSection
	GlobalSection(SolutionProperties) = preSolution
		HideSolutionNode = FALSE
	EndGlobalSection
	GlobalSection(ExtensibilityGlobals) = postSolution
		SolutionGuid = {A41B0300-CC56-4673-9ED4-6B380C2185F6}
	EndGlobalSection
EndGlobal
