
Microsoft Visual Studio Solution File, Format Version 12.00
# Visual Studio 15
VisualStudioVersion = 15.0.28307.1622
MinimumVisualStudioVersion = 10.0.40219.1
Project("{8BC9CEB8-8B4A-11D0-8D11-00A0C91BC942}") = "ByteOrder", "ByteOrder.vcxproj", "{B61D1178-0FC8-45D7-A15C-7B84344CCF3B}"
EndProject
Global
	GlobalSection(SolutionConfigurationPlatforms) = preSolution
		Debug|x64 = Debug|x64
		Debug|x86 = Debug|x86
		Release|x64 = Release|x64
		Release|x86 = Release|x86
	EndGlobalSection
	GlobalSection(ProjectConfigurationPlatforms) = postSolution
		{B61D1178-0FC8-45D7-A15C-7B84344CCF3B}.Debug|x64.ActiveCfg = Debug|x64
		{B61D1178-0FC8-45D7-A15C-7B84344CCF3B}.Debug|x64.Build.0 = Debug|x64
		{B61D1178-0FC8-45D7-A15C-7B84344CCF3B}.Debug|x86.ActiveCfg = Debug|Win32
		{B61D1178-0FC8-45D7-A15C-7B84344CCF3B}.Debug|x86.Build.0 = Debug|Win32
		{B61D1178-0FC8-45D7-A15C-7B84344CCF3B}.Release|x64.ActiveCfg = Release|x64
		{B61D1178-0FC8-45D7-A15C-7B84344CCF3B}.Release|x64.Build.0 = Release|x64
		{B61D1178-0FC8-45D7-A15C-7B84344CCF3B}.Release|x86.ActiveCfg = Release|Win32
		{B61D1178-0FC8-45D7-A15C-7B84344CCF3B}.Release|x86.Build.0 = Release|Win32
	EndGlobalSection
	GlobalSection(SolutionProperties) = preSolution
		HideSolutionNode = FALSE
	EndGlobalSection
	GlobalSection(ExtensibilityGlobals) = postSolution
		SolutionGuid = {CD9D6C80-45A1-402F-BE0B-54AD3AE13EEE}
	EndGlobalSection
EndGlobal
