
Microsoft Visual Studio Solution File, Format Version 12.00
# Visual Studio 15
VisualStudioVersion = 15.0.28307.1622
MinimumVisualStudioVersion = 10.0.40219.1
Project("{8BC9CEB8-8B4A-11D0-8D11-00A0C91BC942}") = "TCPServer", "TCPServer.vcxproj", "{6B716186-8FBF-4E0E-940C-BF53C78DEB1F}"
EndProject
Global
	GlobalSection(SolutionConfigurationPlatforms) = preSolution
		Debug|x64 = Debug|x64
		Debug|x86 = Debug|x86
		Release|x64 = Release|x64
		Release|x86 = Release|x86
	EndGlobalSection
	GlobalSection(ProjectConfigurationPlatforms) = postSolution
		{6B716186-8FBF-4E0E-940C-BF53C78DEB1F}.Debug|x64.ActiveCfg = Debug|x64
		{6B716186-8FBF-4E0E-940C-BF53C78DEB1F}.Debug|x64.Build.0 = Debug|x64
		{6B716186-8FBF-4E0E-940C-BF53C78DEB1F}.Debug|x86.ActiveCfg = Debug|Win32
		{6B716186-8FBF-4E0E-940C-BF53C78DEB1F}.Debug|x86.Build.0 = Debug|Win32
		{6B716186-8FBF-4E0E-940C-BF53C78DEB1F}.Release|x64.ActiveCfg = Release|x64
		{6B716186-8FBF-4E0E-940C-BF53C78DEB1F}.Release|x64.Build.0 = Release|x64
		{6B716186-8FBF-4E0E-940C-BF53C78DEB1F}.Release|x86.ActiveCfg = Release|Win32
		{6B716186-8FBF-4E0E-940C-BF53C78DEB1F}.Release|x86.Build.0 = Release|Win32
	EndGlobalSection
	GlobalSection(SolutionProperties) = preSolution
		HideSolutionNode = FALSE
	EndGlobalSection
	GlobalSection(ExtensibilityGlobals) = postSolution
		SolutionGuid = {D54BE0D2-89CD-4B44-B07B-E940A750775D}
	EndGlobalSection
EndGlobal
