
Microsoft Visual Studio Solution File, Format Version 12.00
# Visual Studio 15
VisualStudioVersion = 15.0.28307.1622
MinimumVisualStudioVersion = 10.0.40219.1
Project("{8BC9CEB8-8B4A-11D0-8D11-00A0C91BC942}") = "TCPServer_CloseOnTransfer", "TCPServer_CloseOnTransfer.vcxproj", "{71235BA7-36E6-4006-A946-F2E3D5227644}"
EndProject
Global
	GlobalSection(SolutionConfigurationPlatforms) = preSolution
		Debug|x64 = Debug|x64
		Debug|x86 = Debug|x86
		Release|x64 = Release|x64
		Release|x86 = Release|x86
	EndGlobalSection
	GlobalSection(ProjectConfigurationPlatforms) = postSolution
		{71235BA7-36E6-4006-A946-F2E3D5227644}.Debug|x64.ActiveCfg = Debug|x64
		{71235BA7-36E6-4006-A946-F2E3D5227644}.Debug|x64.Build.0 = Debug|x64
		{71235BA7-36E6-4006-A946-F2E3D5227644}.Debug|x86.ActiveCfg = Debug|Win32
		{71235BA7-36E6-4006-A946-F2E3D5227644}.Debug|x86.Build.0 = Debug|Win32
		{71235BA7-36E6-4006-A946-F2E3D5227644}.Release|x64.ActiveCfg = Release|x64
		{71235BA7-36E6-4006-A946-F2E3D5227644}.Release|x64.Build.0 = Release|x64
		{71235BA7-36E6-4006-A946-F2E3D5227644}.Release|x86.ActiveCfg = Release|Win32
		{71235BA7-36E6-4006-A946-F2E3D5227644}.Release|x86.Build.0 = Release|Win32
	EndGlobalSection
	GlobalSection(SolutionProperties) = preSolution
		HideSolutionNode = FALSE
	EndGlobalSection
	GlobalSection(ExtensibilityGlobals) = postSolution
		SolutionGuid = {95C94EAB-5632-42C8-9B81-0FDFCBA8E63C}
	EndGlobalSection
EndGlobal
